
Microsoft Visual Studio Solution File, Format Version 12.00
# Visual Studio 2012
Project("{D954291E-2A0B-460D-934E-DC6B0785DB48}") = "UnforeseenConsequences", "UnforeseenConsequences\UnforeseenConsequences.shproj", "{3B7C490C-08CF-4F17-9728-60FE877A9AFC}"
EndProject
Project("{FAE04EC0-301F-11D3-BF4B-00C04F79EFBC}") = "UnforeseenConsequences.iOS", "iOS\UnforeseenConsequences.iOS.csproj", "{50D3B8EA-2D46-4C46-BF99-D6AC6CF28731}"
EndProject
Project("{FAE04EC0-301F-11D3-BF4B-00C04F79EFBC}") = "UnforeseenConsequences.Droid", "Android\UnforeseenConsequences.Droid.csproj", "{B7818F8E-7AA1-4AB4-AD81-07525889C5B3}"
EndProject
Global
	GlobalSection(SolutionConfigurationPlatforms) = preSolution
		Debug|iPhoneSimulator = Debug|iPhoneSimulator
		Release|iPhone = Release|iPhone
		Release|iPhoneSimulator = Release|iPhoneSimulator
		Debug|iPhone = Debug|iPhone
		Debug|Any CPU = Debug|Any CPU
		Release|Any CPU = Release|Any CPU
	EndGlobalSection
	GlobalSection(ProjectConfigurationPlatforms) = postSolution
		{50D3B8EA-2D46-4C46-BF99-D6AC6CF28731}.Debug|iPhoneSimulator.ActiveCfg = Debug|iPhoneSimulator
		{50D3B8EA-2D46-4C46-BF99-D6AC6CF28731}.Debug|iPhoneSimulator.Build.0 = Debug|iPhoneSimulator
		{50D3B8EA-2D46-4C46-BF99-D6AC6CF28731}.Release|iPhone.ActiveCfg = Release|iPhone
		{50D3B8EA-2D46-4C46-BF99-D6AC6CF28731}.Release|iPhone.Build.0 = Release|iPhone
		{50D3B8EA-2D46-4C46-BF99-D6AC6CF28731}.Release|iPhoneSimulator.ActiveCfg = Release|iPhoneSimulator
		{50D3B8EA-2D46-4C46-BF99-D6AC6CF28731}.Release|iPhoneSimulator.Build.0 = Release|iPhoneSimulator
		{50D3B8EA-2D46-4C46-BF99-D6AC6CF28731}.Debug|iPhone.ActiveCfg = Debug|iPhone
		{50D3B8EA-2D46-4C46-BF99-D6AC6CF28731}.Debug|iPhone.Build.0 = Debug|iPhone
		{50D3B8EA-2D46-4C46-BF99-D6AC6CF28731}.Debug|Any CPU.ActiveCfg = Debug|iPhoneSimulator
		{50D3B8EA-2D46-4C46-BF99-D6AC6CF28731}.Debug|Any CPU.Build.0 = Debug|iPhoneSimulator
		{50D3B8EA-2D46-4C46-BF99-D6AC6CF28731}.Release|Any CPU.ActiveCfg = Release|iPhone
		{50D3B8EA-2D46-4C46-BF99-D6AC6CF28731}.Release|Any CPU.Build.0 = Release|iPhone
		{B7818F8E-7AA1-4AB4-AD81-07525889C5B3}.Debug|iPhoneSimulator.ActiveCfg = Debug|Any CPU
		{B7818F8E-7AA1-4AB4-AD81-07525889C5B3}.Debug|iPhoneSimulator.Build.0 = Debug|Any CPU
		{B7818F8E-7AA1-4AB4-AD81-07525889C5B3}.Release|iPhone.ActiveCfg = Release|Any CPU
		{B7818F8E-7AA1-4AB4-AD81-07525889C5B3}.Release|iPhone.Build.0 = Release|Any CPU
		{B7818F8E-7AA1-4AB4-AD81-07525889C5B3}.Release|iPhoneSimulator.ActiveCfg = Release|Any CPU
		{B7818F8E-7AA1-4AB4-AD81-07525889C5B3}.Release|iPhoneSimulator.Build.0 = Release|Any CPU
		{B7818F8E-7AA1-4AB4-AD81-07525889C5B3}.Debug|iPhone.ActiveCfg = Debug|Any CPU
		{B7818F8E-7AA1-4AB4-AD81-07525889C5B3}.Debug|iPhone.Build.0 = Debug|Any CPU
		{B7818F8E-7AA1-4AB4-AD81-07525889C5B3}.Debug|Any CPU.ActiveCfg = Debug|Any CPU
		{B7818F8E-7AA1-4AB4-AD81-07525889C5B3}.Debug|Any CPU.Build.0 = Debug|Any CPU
		{B7818F8E-7AA1-4AB4-AD81-07525889C5B3}.Release|Any CPU.ActiveCfg = Release|Any CPU
		{B7818F8E-7AA1-4AB4-AD81-07525889C5B3}.Release|Any CPU.Build.0 = Release|Any CPU
	EndGlobalSection
EndGlobal
